
Microsoft Visual Studio Solution File, Format Version 12.00
# Visual Studio 15
VisualStudioVersion = 15.0.27130.2027
MinimumVisualStudioVersion = 10.0.40219.1
Project("{FAE04EC0-301F-11D3-BF4B-00C04F79EFBC}") = "SportsStore", "SportsStore\SportsStore.csproj", "{2AD92DB6-111F-433F-BF65-D3B2E7CC0F97}"
EndProject
Global
	GlobalSection(SolutionConfigurationPlatforms) = preSolution
		Debug|Any CPU = Debug|Any CPU
		Release|Any CPU = Release|Any CPU
	EndGlobalSection
	GlobalSection(ProjectConfigurationPlatforms) = postSolution
		{2AD92DB6-111F-433F-BF65-D3B2E7CC0F97}.Debug|Any CPU.ActiveCfg = Debug|Any CPU
		{2AD92DB6-111F-433F-BF65-D3B2E7CC0F97}.Debug|Any CPU.Build.0 = Debug|Any CPU
		{2AD92DB6-111F-433F-BF65-D3B2E7CC0F97}.Release|Any CPU.ActiveCfg = Release|Any CPU
		{2AD92DB6-111F-433F-BF65-D3B2E7CC0F97}.Release|Any CPU.Build.0 = Release|Any CPU
	EndGlobalSection
	GlobalSection(SolutionProperties) = preSolution
		HideSolutionNode = FALSE
	EndGlobalSection
	GlobalSection(ExtensibilityGlobals) = postSolution
		SolutionGuid = {4A40B1EB-B95E-4F0D-9AC7-A8B653B461B8}
	EndGlobalSection
EndGlobal
